
Microsoft Visual Studio Solution File, Format Version 12.00
# Visual Studio Version 17
VisualStudioVersion = 17.9.34728.123
MinimumVisualStudioVersion = 10.0.40219.1
Project("{9A19103F-16F7-4668-BE54-9A1E7A4F7556}") = "UnitTest.APP", "UnitTest.APP\UnitTest.APP.csproj", "{652F1061-7534-45F9-84A1-9A47B32C45A5}"
EndProject
Project("{9A19103F-16F7-4668-BE54-9A1E7A4F7556}") = "UnitTest.xUnit", "UnitTest.xUnit\UnitTest.xUnit.csproj", "{152A7F42-35EF-42CA-B271-FDA058DCDC5E}"
EndProject
Project("{9A19103F-16F7-4668-BE54-9A1E7A4F7556}") = "UdemyRealWorldUnitTest.Web", "..\..\..\Desktop\UdemyRealWorldUnitTest.Web\UdemyRealWorldUnitTest.Web.csproj", "{9278B002-133D-41C1-BEC0-1328F97F8B93}"
EndProject
Project("{FAE04EC0-301F-11D3-BF4B-00C04F79EFBC}") = "UdemyRealWorldUnitTest.Test", "UdemyRealWorldUnitTest.Test\UdemyRealWorldUnitTest.Test.csproj", "{B7B4D3F2-1C2D-4687-BDC0-EE9B9D26C02A}"
EndProject
Global
	GlobalSection(SolutionConfigurationPlatforms) = preSolution
		Debug|Any CPU = Debug|Any CPU
		Release|Any CPU = Release|Any CPU
	EndGlobalSection
	GlobalSection(ProjectConfigurationPlatforms) = postSolution
		{652F1061-7534-45F9-84A1-9A47B32C45A5}.Debug|Any CPU.ActiveCfg = Debug|Any CPU
		{652F1061-7534-45F9-84A1-9A47B32C45A5}.Debug|Any CPU.Build.0 = Debug|Any CPU
		{652F1061-7534-45F9-84A1-9A47B32C45A5}.Release|Any CPU.ActiveCfg = Release|Any CPU
		{652F1061-7534-45F9-84A1-9A47B32C45A5}.Release|Any CPU.Build.0 = Release|Any CPU
		{152A7F42-35EF-42CA-B271-FDA058DCDC5E}.Debug|Any CPU.ActiveCfg = Debug|Any CPU
		{152A7F42-35EF-42CA-B271-FDA058DCDC5E}.Debug|Any CPU.Build.0 = Debug|Any CPU
		{152A7F42-35EF-42CA-B271-FDA058DCDC5E}.Release|Any CPU.ActiveCfg = Release|Any CPU
		{152A7F42-35EF-42CA-B271-FDA058DCDC5E}.Release|Any CPU.Build.0 = Release|Any CPU
		{9278B002-133D-41C1-BEC0-1328F97F8B93}.Debug|Any CPU.ActiveCfg = Debug|Any CPU
		{9278B002-133D-41C1-BEC0-1328F97F8B93}.Debug|Any CPU.Build.0 = Debug|Any CPU
		{9278B002-133D-41C1-BEC0-1328F97F8B93}.Release|Any CPU.ActiveCfg = Release|Any CPU
		{9278B002-133D-41C1-BEC0-1328F97F8B93}.Release|Any CPU.Build.0 = Release|Any CPU
		{B7B4D3F2-1C2D-4687-BDC0-EE9B9D26C02A}.Debug|Any CPU.ActiveCfg = Debug|Any CPU
		{B7B4D3F2-1C2D-4687-BDC0-EE9B9D26C02A}.Debug|Any CPU.Build.0 = Debug|Any CPU
		{B7B4D3F2-1C2D-4687-BDC0-EE9B9D26C02A}.Release|Any CPU.ActiveCfg = Release|Any CPU
		{B7B4D3F2-1C2D-4687-BDC0-EE9B9D26C02A}.Release|Any CPU.Build.0 = Release|Any CPU
	EndGlobalSection
	GlobalSection(SolutionProperties) = preSolution
		HideSolutionNode = FALSE
	EndGlobalSection
	GlobalSection(ExtensibilityGlobals) = postSolution
		SolutionGuid = {3AEA3E5D-E8DC-414F-884D-FC51D1C6FC5D}
	EndGlobalSection
EndGlobal
